
Microsoft Visual Studio Solution File, Format Version 12.00
# Visual Studio 15
VisualStudioVersion = 15.0.27703.2047
MinimumVisualStudioVersion = 10.0.40219.1
Project("{FAE04EC0-301F-11D3-BF4B-00C04F79EFBC}") = "Sample_ImageMap.Android", "Sample_ImageMap\Sample_ImageMap.Android\Sample_ImageMap.Android.csproj", "{7589C200-1901-47DD-8EFD-4ED578500108}"
EndProject
Project("{FAE04EC0-301F-11D3-BF4B-00C04F79EFBC}") = "Sample_ImageMap.iOS", "Sample_ImageMap\Sample_ImageMap.iOS\Sample_ImageMap.iOS.csproj", "{6A44086C-9743-41CA-9184-5BF15C0AAEA2}"
EndProject
Project("{FAE04EC0-301F-11D3-BF4B-00C04F79EFBC}") = "Sample_ImageMap", "Sample_ImageMap\Sample_ImageMap\Sample_ImageMap.csproj", "{576A69E1-7513-4984-AA36-78E94F120308}"
EndProject
Global
	GlobalSection(SolutionConfigurationPlatforms) = preSolution
		Ad-Hoc|Any CPU = Ad-Hoc|Any CPU
		Ad-Hoc|iPhone = Ad-Hoc|iPhone
		Ad-Hoc|iPhoneSimulator = Ad-Hoc|iPhoneSimulator
		AppStore|Any CPU = AppStore|Any CPU
		AppStore|iPhone = AppStore|iPhone
		AppStore|iPhoneSimulator = AppStore|iPhoneSimulator
		Debug|Any CPU = Debug|Any CPU
		Debug|iPhone = Debug|iPhone
		Debug|iPhoneSimulator = Debug|iPhoneSimulator
		Release|Any CPU = Release|Any CPU
		Release|iPhone = Release|iPhone
		Release|iPhoneSimulator = Release|iPhoneSimulator
	EndGlobalSection
	GlobalSection(ProjectConfigurationPlatforms) = postSolution
		{7589C200-1901-47DD-8EFD-4ED578500108}.Ad-Hoc|Any CPU.ActiveCfg = Release|Any CPU
		{7589C200-1901-47DD-8EFD-4ED578500108}.Ad-Hoc|Any CPU.Build.0 = Release|Any CPU
		{7589C200-1901-47DD-8EFD-4ED578500108}.Ad-Hoc|Any CPU.Deploy.0 = Release|Any CPU
		{7589C200-1901-47DD-8EFD-4ED578500108}.Ad-Hoc|iPhone.ActiveCfg = Release|Any CPU
		{7589C200-1901-47DD-8EFD-4ED578500108}.Ad-Hoc|iPhone.Build.0 = Release|Any CPU
		{7589C200-1901-47DD-8EFD-4ED578500108}.Ad-Hoc|iPhone.Deploy.0 = Release|Any CPU
		{7589C200-1901-47DD-8EFD-4ED578500108}.Ad-Hoc|iPhoneSimulator.ActiveCfg = Release|Any CPU
		{7589C200-1901-47DD-8EFD-4ED578500108}.Ad-Hoc|iPhoneSimulator.Build.0 = Release|Any CPU
		{7589C200-1901-47DD-8EFD-4ED578500108}.Ad-Hoc|iPhoneSimulator.Deploy.0 = Release|Any CPU
		{7589C200-1901-47DD-8EFD-4ED578500108}.AppStore|Any CPU.ActiveCfg = Release|Any CPU
		{7589C200-1901-47DD-8EFD-4ED578500108}.AppStore|Any CPU.Build.0 = Release|Any CPU
		{7589C200-1901-47DD-8EFD-4ED578500108}.AppStore|Any CPU.Deploy.0 = Release|Any CPU
		{7589C200-1901-47DD-8EFD-4ED578500108}.AppStore|iPhone.ActiveCfg = Release|Any CPU
		{7589C200-1901-47DD-8EFD-4ED578500108}.AppStore|iPhone.Build.0 = Release|Any CPU
		{7589C200-1901-47DD-8EFD-4ED578500108}.AppStore|iPhone.Deploy.0 = Release|Any CPU
		{7589C200-1901-47DD-8EFD-4ED578500108}.AppStore|iPhoneSimulator.ActiveCfg = Release|Any CPU
		{7589C200-1901-47DD-8EFD-4ED578500108}.AppStore|iPhoneSimulator.Build.0 = Release|Any CPU
		{7589C200-1901-47DD-8EFD-4ED578500108}.AppStore|iPhoneSimulator.Deploy.0 = Release|Any CPU
		{7589C200-1901-47DD-8EFD-4ED578500108}.Debug|Any CPU.ActiveCfg = Debug|Any CPU
		{7589C200-1901-47DD-8EFD-4ED578500108}.Debug|Any CPU.Build.0 = Debug|Any CPU
		{7589C200-1901-47DD-8EFD-4ED578500108}.Debug|Any CPU.Deploy.0 = Debug|Any CPU
		{7589C200-1901-47DD-8EFD-4ED578500108}.Debug|iPhone.ActiveCfg = Debug|Any CPU
		{7589C200-1901-47DD-8EFD-4ED578500108}.Debug|iPhone.Build.0 = Debug|Any CPU
		{7589C200-1901-47DD-8EFD-4ED578500108}.Debug|iPhone.Deploy.0 = Debug|Any CPU
		{7589C200-1901-47DD-8EFD-4ED578500108}.Debug|iPhoneSimulator.ActiveCfg = Debug|Any CPU
		{7589C200-1901-47DD-8EFD-4ED578500108}.Debug|iPhoneSimulator.Build.0 = Debug|Any CPU
		{7589C200-1901-47DD-8EFD-4ED578500108}.Debug|iPhoneSimulator.Deploy.0 = Debug|Any CPU
		{7589C200-1901-47DD-8EFD-4ED578500108}.Release|Any CPU.ActiveCfg = Release|Any CPU
		{7589C200-1901-47DD-8EFD-4ED578500108}.Release|Any CPU.Build.0 = Release|Any CPU
		{7589C200-1901-47DD-8EFD-4ED578500108}.Release|Any CPU.Deploy.0 = Release|Any CPU
		{7589C200-1901-47DD-8EFD-4ED578500108}.Release|iPhone.ActiveCfg = Release|Any CPU
		{7589C200-1901-47DD-8EFD-4ED578500108}.Release|iPhone.Build.0 = Release|Any CPU
		{7589C200-1901-47DD-8EFD-4ED578500108}.Release|iPhone.Deploy.0 = Release|Any CPU
		{7589C200-1901-47DD-8EFD-4ED578500108}.Release|iPhoneSimulator.ActiveCfg = Release|Any CPU
		{7589C200-1901-47DD-8EFD-4ED578500108}.Release|iPhoneSimulator.Build.0 = Release|Any CPU
		{7589C200-1901-47DD-8EFD-4ED578500108}.Release|iPhoneSimulator.Deploy.0 = Release|Any CPU
		{6A44086C-9743-41CA-9184-5BF15C0AAEA2}.Ad-Hoc|Any CPU.ActiveCfg = Ad-Hoc|iPhone
		{6A44086C-9743-41CA-9184-5BF15C0AAEA2}.Ad-Hoc|Any CPU.Build.0 = Ad-Hoc|iPhone
		{6A44086C-9743-41CA-9184-5BF15C0AAEA2}.Ad-Hoc|Any CPU.Deploy.0 = Ad-Hoc|iPhone
		{6A44086C-9743-41CA-9184-5BF15C0AAEA2}.Ad-Hoc|iPhone.ActiveCfg = Ad-Hoc|iPhone
		{6A44086C-9743-41CA-9184-5BF15C0AAEA2}.Ad-Hoc|iPhone.Build.0 = Ad-Hoc|iPhone
		{6A44086C-9743-41CA-9184-5BF15C0AAEA2}.Ad-Hoc|iPhone.Deploy.0 = Ad-Hoc|iPhone
		{6A44086C-9743-41CA-9184-5BF15C0AAEA2}.Ad-Hoc|iPhoneSimulator.ActiveCfg = Ad-Hoc|iPhoneSimulator
		{6A44086C-9743-41CA-9184-5BF15C0AAEA2}.Ad-Hoc|iPhoneSimulator.Build.0 = Ad-Hoc|iPhoneSimulator
		{6A44086C-9743-41CA-9184-5BF15C0AAEA2}.Ad-Hoc|iPhoneSimulator.Deploy.0 = Ad-Hoc|iPhoneSimulator
		{6A44086C-9743-41CA-9184-5BF15C0AAEA2}.AppStore|Any CPU.ActiveCfg = AppStore|iPhone
		{6A44086C-9743-41CA-9184-5BF15C0AAEA2}.AppStore|Any CPU.Build.0 = AppStore|iPhone
		{6A44086C-9743-41CA-9184-5BF15C0AAEA2}.AppStore|Any CPU.Deploy.0 = AppStore|iPhone
		{6A44086C-9743-41CA-9184-5BF15C0AAEA2}.AppStore|iPhone.ActiveCfg = AppStore|iPhone
		{6A44086C-9743-41CA-9184-5BF15C0AAEA2}.AppStore|iPhone.Build.0 = AppStore|iPhone
		{6A44086C-9743-41CA-9184-5BF15C0AAEA2}.AppStore|iPhone.Deploy.0 = AppStore|iPhone
		{6A44086C-9743-41CA-9184-5BF15C0AAEA2}.AppStore|iPhoneSimulator.ActiveCfg = AppStore|iPhoneSimulator
		{6A44086C-9743-41CA-9184-5BF15C0AAEA2}.AppStore|iPhoneSimulator.Build.0 = AppStore|iPhoneSimulator
		{6A44086C-9743-41CA-9184-5BF15C0AAEA2}.AppStore|iPhoneSimulator.Deploy.0 = AppStore|iPhoneSimulator
		{6A44086C-9743-41CA-9184-5BF15C0AAEA2}.Debug|Any CPU.ActiveCfg = Debug|iPhoneSimulator
		{6A44086C-9743-41CA-9184-5BF15C0AAEA2}.Debug|Any CPU.Build.0 = Debug|iPhoneSimulator
		{6A44086C-9743-41CA-9184-5BF15C0AAEA2}.Debug|Any CPU.Deploy.0 = Debug|iPhoneSimulator
		{6A44086C-9743-41CA-9184-5BF15C0AAEA2}.Debug|iPhone.ActiveCfg = Debug|iPhone
		{6A44086C-9743-41CA-9184-5BF15C0AAEA2}.Debug|iPhone.Build.0 = Debug|iPhone
		{6A44086C-9743-41CA-9184-5BF15C0AAEA2}.Debug|iPhone.Deploy.0 = Debug|iPhone
		{6A44086C-9743-41CA-9184-5BF15C0AAEA2}.Debug|iPhoneSimulator.ActiveCfg = Debug|iPhoneSimulator
		{6A44086C-9743-41CA-9184-5BF15C0AAEA2}.Debug|iPhoneSimulator.Build.0 = Debug|iPhoneSimulator
		{6A44086C-9743-41CA-9184-5BF15C0AAEA2}.Debug|iPhoneSimulator.Deploy.0 = Debug|iPhoneSimulator
		{6A44086C-9743-41CA-9184-5BF15C0AAEA2}.Release|Any CPU.ActiveCfg = Release|iPhone
		{6A44086C-9743-41CA-9184-5BF15C0AAEA2}.Release|Any CPU.Build.0 = Release|iPhone
		{6A44086C-9743-41CA-9184-5BF15C0AAEA2}.Release|Any CPU.Deploy.0 = Release|iPhone
		{6A44086C-9743-41CA-9184-5BF15C0AAEA2}.Release|iPhone.ActiveCfg = Release|iPhone
		{6A44086C-9743-41CA-9184-5BF15C0AAEA2}.Release|iPhone.Build.0 = Release|iPhone
		{6A44086C-9743-41CA-9184-5BF15C0AAEA2}.Release|iPhone.Deploy.0 = Release|iPhone
		{6A44086C-9743-41CA-9184-5BF15C0AAEA2}.Release|iPhoneSimulator.ActiveCfg = Release|iPhoneSimulator
		{6A44086C-9743-41CA-9184-5BF15C0AAEA2}.Release|iPhoneSimulator.Build.0 = Release|iPhoneSimulator
		{6A44086C-9743-41CA-9184-5BF15C0AAEA2}.Release|iPhoneSimulator.Deploy.0 = Release|iPhoneSimulator
		{576A69E1-7513-4984-AA36-78E94F120308}.Ad-Hoc|Any CPU.ActiveCfg = Debug|Any CPU
		{576A69E1-7513-4984-AA36-78E94F120308}.Ad-Hoc|Any CPU.Build.0 = Debug|Any CPU
		{576A69E1-7513-4984-AA36-78E94F120308}.Ad-Hoc|Any CPU.Deploy.0 = Debug|Any CPU
		{576A69E1-7513-4984-AA36-78E94F120308}.Ad-Hoc|iPhone.ActiveCfg = Debug|Any CPU
		{576A69E1-7513-4984-AA36-78E94F120308}.Ad-Hoc|iPhone.Build.0 = Debug|Any CPU
		{576A69E1-7513-4984-AA36-78E94F120308}.Ad-Hoc|iPhone.Deploy.0 = Debug|Any CPU
		{576A69E1-7513-4984-AA36-78E94F120308}.Ad-Hoc|iPhoneSimulator.ActiveCfg = Debug|Any CPU
		{576A69E1-7513-4984-AA36-78E94F120308}.Ad-Hoc|iPhoneSimulator.Build.0 = Debug|Any CPU
		{576A69E1-7513-4984-AA36-78E94F120308}.Ad-Hoc|iPhoneSimulator.Deploy.0 = Debug|Any CPU
		{576A69E1-7513-4984-AA36-78E94F120308}.AppStore|Any CPU.ActiveCfg = Debug|Any CPU
		{576A69E1-7513-4984-AA36-78E94F120308}.AppStore|Any CPU.Build.0 = Debug|Any CPU
		{576A69E1-7513-4984-AA36-78E94F120308}.AppStore|Any CPU.Deploy.0 = Debug|Any CPU
		{576A69E1-7513-4984-AA36-78E94F120308}.AppStore|iPhone.ActiveCfg = Debug|Any CPU
		{576A69E1-7513-4984-AA36-78E94F120308}.AppStore|iPhone.Build.0 = Debug|Any CPU
		{576A69E1-7513-4984-AA36-78E94F120308}.AppStore|iPhone.Deploy.0 = Debug|Any CPU
		{576A69E1-7513-4984-AA36-78E94F120308}.AppStore|iPhoneSimulator.ActiveCfg = Debug|Any CPU
		{576A69E1-7513-4984-AA36-78E94F120308}.AppStore|iPhoneSimulator.Build.0 = Debug|Any CPU
		{576A69E1-7513-4984-AA36-78E94F120308}.AppStore|iPhoneSimulator.Deploy.0 = Debug|Any CPU
		{576A69E1-7513-4984-AA36-78E94F120308}.Debug|Any CPU.ActiveCfg = Debug|Any CPU
		{576A69E1-7513-4984-AA36-78E94F120308}.Debug|Any CPU.Build.0 = Debug|Any CPU
		{576A69E1-7513-4984-AA36-78E94F120308}.Debug|Any CPU.Deploy.0 = Debug|Any CPU
		{576A69E1-7513-4984-AA36-78E94F120308}.Debug|iPhone.ActiveCfg = Debug|Any CPU
		{576A69E1-7513-4984-AA36-78E94F120308}.Debug|iPhone.Build.0 = Debug|Any CPU
		{576A69E1-7513-4984-AA36-78E94F120308}.Debug|iPhone.Deploy.0 = Debug|Any CPU
		{576A69E1-7513-4984-AA36-78E94F120308}.Debug|iPhoneSimulator.ActiveCfg = Debug|Any CPU
		{576A69E1-7513-4984-AA36-78E94F120308}.Debug|iPhoneSimulator.Build.0 = Debug|Any CPU
		{576A69E1-7513-4984-AA36-78E94F120308}.Debug|iPhoneSimulator.Deploy.0 = Debug|Any CPU
		{576A69E1-7513-4984-AA36-78E94F120308}.Release|Any CPU.ActiveCfg = Release|Any CPU
		{576A69E1-7513-4984-AA36-78E94F120308}.Release|Any CPU.Build.0 = Release|Any CPU
		{576A69E1-7513-4984-AA36-78E94F120308}.Release|Any CPU.Deploy.0 = Release|Any CPU
		{576A69E1-7513-4984-AA36-78E94F120308}.Release|iPhone.ActiveCfg = Release|Any CPU
		{576A69E1-7513-4984-AA36-78E94F120308}.Release|iPhone.Build.0 = Release|Any CPU
		{576A69E1-7513-4984-AA36-78E94F120308}.Release|iPhone.Deploy.0 = Release|Any CPU
		{576A69E1-7513-4984-AA36-78E94F120308}.Release|iPhoneSimulator.ActiveCfg = Release|Any CPU
		{576A69E1-7513-4984-AA36-78E94F120308}.Release|iPhoneSimulator.Build.0 = Release|Any CPU
		{576A69E1-7513-4984-AA36-78E94F120308}.Release|iPhoneSimulator.Deploy.0 = Release|Any CPU
	EndGlobalSection
	GlobalSection(SolutionProperties) = preSolution
		HideSolutionNode = FALSE
	EndGlobalSection
	GlobalSection(ExtensibilityGlobals) = postSolution
		SolutionGuid = {B85A49E3-CB76-4E68-B254-51E4DD5679AC}
	EndGlobalSection
EndGlobal
